Microsoft Visual Studio Solution File, Format Version 12.00
# Visual Studio Version 16
VisualStudioVersion = 16.0.0.0
MinimumVisualStudioVersion = 16.0.0.0
Project("{9A19103F-16F7-4668-BE54-9A1E7A4F7556}") = "BlazorTestApp.Server", "Server\BlazorTestApp.Server.csproj", "{53E39EB6-C086-413B-9B5A-6662AEC02B63}"
EndProject
Project("{9A19103F-16F7-4668-BE54-9A1E7A4F7556}") = "BlazorTestApp.Client", "Client\BlazorTestApp.Client.csproj", "{85153E58-08A8-4BD3-9628-A683D87DC429}"
EndProject
Project("{9A19103F-16F7-4668-BE54-9A1E7A4F7556}") = "BlazorTestApp.Shared", "Shared\BlazorTestApp.Shared.csproj", "{D19CB448-8CAC-44D3-B04A-7BFA3445CD39}"
EndProject
Global
	GlobalSection(SolutionConfigurationPlatforms) = preSolution
		Debug|Any CPU = Debug|Any CPU
		Debug|x64 = Debug|x64
		Debug|x86 = Debug|x86
		Release|Any CPU = Release|Any CPU
		Release|x64 = Release|x64
		Release|x86 = Release|x86
	EndGlobalSection
	GlobalSection(ProjectConfigurationPlatforms) = postSolution
		{85153E58-08A8-4BD3-9628-A683D87DC429}.Debug|Any CPU.ActiveCfg = Debug|Any CPU
		{85153E58-08A8-4BD3-9628-A683D87DC429}.Debug|Any CPU.Build.0 = Debug|Any CPU
		{85153E58-08A8-4BD3-9628-A683D87DC429}.Debug|x64.ActiveCfg = Debug|Any CPU
		{85153E58-08A8-4BD3-9628-A683D87DC429}.Debug|x64.Build.0 = Debug|Any CPU
		{85153E58-08A8-4BD3-9628-A683D87DC429}.Debug|x86.ActiveCfg = Debug|Any CPU
		{85153E58-08A8-4BD3-9628-A683D87DC429}.Debug|x86.Build.0 = Debug|Any CPU
		{85153E58-08A8-4BD3-9628-A683D87DC429}.Release|Any CPU.ActiveCfg = Release|Any CPU
		{85153E58-08A8-4BD3-9628-A683D87DC429}.Release|Any CPU.Build.0 = Release|Any CPU
		{85153E58-08A8-4BD3-9628-A683D87DC429}.Release|x64.ActiveCfg = Release|Any CPU
		{85153E58-08A8-4BD3-9628-A683D87DC429}.Release|x64.Build.0 = Release|Any CPU
		{85153E58-08A8-4BD3-9628-A683D87DC429}.Release|x86.ActiveCfg = Release|Any CPU
		{85153E58-08A8-4BD3-9628-A683D87DC429}.Release|x86.Build.0 = Release|Any CPU
		{53E39EB6-C086-413B-9B5A-6662AEC02B63}.Debug|Any CPU.ActiveCfg = Debug|Any CPU
		{53E39EB6-C086-413B-9B5A-6662AEC02B63}.Debug|Any CPU.Build.0 = Debug|Any CPU
		{53E39EB6-C086-413B-9B5A-6662AEC02B63}.Debug|x64.ActiveCfg = Debug|Any CPU
		{53E39EB6-C086-413B-9B5A-6662AEC02B63}.Debug|x64.Build.0 = Debug|Any CPU
		{53E39EB6-C086-413B-9B5A-6662AEC02B63}.Debug|x86.ActiveCfg = Debug|Any CPU
		{53E39EB6-C086-413B-9B5A-6662AEC02B63}.Debug|x86.Build.0 = Debug|Any CPU
		{53E39EB6-C086-413B-9B5A-6662AEC02B63}.Release|Any CPU.ActiveCfg = Release|Any CPU
		{53E39EB6-C086-413B-9B5A-6662AEC02B63}.Release|Any CPU.Build.0 = Release|Any CPU
		{53E39EB6-C086-413B-9B5A-6662AEC02B63}.Release|x64.ActiveCfg = Release|Any CPU
		{53E39EB6-C086-413B-9B5A-6662AEC02B63}.Release|x64.Build.0 = Release|Any CPU
		{53E39EB6-C086-413B-9B5A-6662AEC02B63}.Release|x86.ActiveCfg = Release|Any CPU
		{53E39EB6-C086-413B-9B5A-6662AEC02B63}.Release|x86.Build.0 = Release|Any CPU
		{D19CB448-8CAC-44D3-B04A-7BFA3445CD39}.Debug|Any CPU.ActiveCfg = Debug|Any CPU
		{D19CB448-8CAC-44D3-B04A-7BFA3445CD39}.Debug|Any CPU.Build.0 = Debug|Any CPU
		{D19CB448-8CAC-44D3-B04A-7BFA3445CD39}.Debug|x64.ActiveCfg = Debug|Any CPU
		{D19CB448-8CAC-44D3-B04A-7BFA3445CD39}.Debug|x64.Build.0 = Debug|Any CPU
		{D19CB448-8CAC-44D3-B04A-7BFA3445CD39}.Debug|x86.ActiveCfg = Debug|Any CPU
		{D19CB448-8CAC-44D3-B04A-7BFA3445CD39}.Debug|x86.Build.0 = Debug|Any CPU
		{D19CB448-8CAC-44D3-B04A-7BFA3445CD39}.Release|Any CPU.ActiveCfg = Release|Any CPU
		{D19CB448-8CAC-44D3-B04A-7BFA3445CD39}.Release|Any CPU.Build.0 = Release|Any CPU
		{D19CB448-8CAC-44D3-B04A-7BFA3445CD39}.Release|x64.ActiveCfg = Release|Any CPU
		{D19CB448-8CAC-44D3-B04A-7BFA3445CD39}.Release|x64.Build.0 = Release|Any CPU
		{D19CB448-8CAC-44D3-B04A-7BFA3445CD39}.Release|x86.ActiveCfg = Release|Any CPU
		{D19CB448-8CAC-44D3-B04A-7BFA3445CD39}.Release|x86.Build.0 = Release|Any CPU
	EndGlobalSection
	GlobalSection(SolutionProperties) = preSolution
		HideSolutionNode = FALSE
	EndGlobalSection
	GlobalSection(ExtensibilityGlobals) = postSolution
		SolutionGuid = {4A5EEEDD-9C7F-42AA-872F-039A456F62AE}
	EndGlobalSection
EndGlobal